{
  "name": "colorconsole",
  "version": "1.0.1",
  "lockfileVersion": 2,
  "requires": true,
  "packages": {
    "": {
      "name": "colorconsole",
      "version": "1.0.1",
      "license": "MIT",
      "dependencies": {
        "dom": "^0.0.3"
      }
    },
    "node_modules/dom": {
      "version": "0.0.3",
      "resolved": "https://registry.npmjs.org/dom/-/dom-0.0.3.tgz",
      "integrity": "sha512-Uzda1zIAXO8JG2fm6IbJcdzBrRaC5Q308HTIjCXCQHh7ZVACJOeQzYYvd99plJ2/HUpZQk9IxNI/Y+QrO6poIQ==",
      "license": "MIT"
    }
  },
  "dependencies": {
    "dom": {
      "version": "0.0.3",
      "resolved": "https://registry.npmjs.org/dom/-/dom-0.0.3.tgz",
      "integrity": "sha512-Uzda1zIAXO8JG2fm6IbJcdzBrRaC5Q308HTIjCXCQHh7ZVACJOeQzYYvd99plJ2/HUpZQk9IxNI/Y+QrO6poIQ=="
    }
  }
}
